
Microsoft Visual Studio Solution File, Format Version 12.00
# Visual Studio Version 17
VisualStudioVersion = 17.10.34707.107
MinimumVisualStudioVersion = 10.0.40219.1
Project("{9A19103F-16F7-4668-BE54-9A1E7A4F7556}") = "Grpc.Api", "Grpc.Api\Grpc.Api.csproj", "{3C53FCAD-6726-4E7A-9C46-AD20440BB319}"
EndProject
Project("{9A19103F-16F7-4668-BE54-9A1E7A4F7556}") = "GrpcService", "GrpcService\GrpcService.csproj", "{C1246095-7610-451E-9A48-80C77CC79755}"
EndProject
Project("{FAE04EC0-301F-11D3-BF4B-00C04F79EFBC}") = "GrpcClientApp", "GrpcClientApp\GrpcClientApp.csproj", "{0DB6BA18-4A36-4D73-986E-94C1D80A9D16}"
EndProject
Global
	GlobalSection(SolutionConfigurationPlatforms) = preSolution
		Debug|Any CPU = Debug|Any CPU
		Release|Any CPU = Release|Any CPU
	EndGlobalSection
	GlobalSection(ProjectConfigurationPlatforms) = postSolution
		{3C53FCAD-6726-4E7A-9C46-AD20440BB319}.Debug|Any CPU.ActiveCfg = Debug|Any CPU
		{3C53FCAD-6726-4E7A-9C46-AD20440BB319}.Debug|Any CPU.Build.0 = Debug|Any CPU
		{3C53FCAD-6726-4E7A-9C46-AD20440BB319}.Release|Any CPU.ActiveCfg = Release|Any CPU
		{3C53FCAD-6726-4E7A-9C46-AD20440BB319}.Release|Any CPU.Build.0 = Release|Any CPU
		{C1246095-7610-451E-9A48-80C77CC79755}.Debug|Any CPU.ActiveCfg = Debug|Any CPU
		{C1246095-7610-451E-9A48-80C77CC79755}.Debug|Any CPU.Build.0 = Debug|Any CPU
		{C1246095-7610-451E-9A48-80C77CC79755}.Release|Any CPU.ActiveCfg = Release|Any CPU
		{C1246095-7610-451E-9A48-80C77CC79755}.Release|Any CPU.Build.0 = Release|Any CPU
		{0DB6BA18-4A36-4D73-986E-94C1D80A9D16}.Debug|Any CPU.ActiveCfg = Debug|Any CPU
		{0DB6BA18-4A36-4D73-986E-94C1D80A9D16}.Debug|Any CPU.Build.0 = Debug|Any CPU
		{0DB6BA18-4A36-4D73-986E-94C1D80A9D16}.Release|Any CPU.ActiveCfg = Release|Any CPU
		{0DB6BA18-4A36-4D73-986E-94C1D80A9D16}.Release|Any CPU.Build.0 = Release|Any CPU
	EndGlobalSection
	GlobalSection(SolutionProperties) = preSolution
		HideSolutionNode = FALSE
	EndGlobalSection
	GlobalSection(ExtensibilityGlobals) = postSolution
		SolutionGuid = {EF974BC8-5D3F-43CA-91C2-1B5AF6A89EB3}
	EndGlobalSection
EndGlobal
